{
  "lockfileVersion": 1,
  "workspaces": {
    "": {
      "name": "auto-claim-service",
      "dependencies": {
        "@polygonlabs/servercore": "^1.1.0",
        "axios": "^1.6.8",
        "dotenv": "^16.0.1",
        "ethers": "^6.12.1",
        "web3-eth-abi": "^4.4.1",
      },
      "devDependencies": {
        "@types/bun": "latest",
      },
      "peerDependencies": {
        "typescript": "^5",
      },
    },
  },
  "packages": {
    "@adraffy/ens-normalize": ["@adraffy/ens-normalize@1.10.1", "", {}, "sha512-96Z2IP3mYmF1Xg2cDm8f1gWGf/HUVedQ3FMifV4kG/PQ4yEP51xDtRAEfhVNt5f/uzpNkZHwWQuUcu6D6K+Ekw=="],

    "@colors/colors": ["@colors/colors@1.6.0", "", {}, "sha512-Ir+AOibqzrIsL6ajt3Rz3LskB7OiMVHqltZmspbW/TJuTVuyOMirVqAkjfY6JISiLHgyNqicAC8AyHHGzNd/dA=="],

    "@dabh/diagnostics": ["@dabh/diagnostics@2.0.3", "", { "dependencies": { "colorspace": "1.1.x", "enabled": "2.0.x", "kuler": "^2.0.0" } }, "sha512-hrlQOIi7hAfzsMqlGSFyVucrx38O+j6wiGOf//H2ecvIEqYN4ADBSS2iLMh5UFyDunCNniUIPk/q3riFv45xRA=="],

    "@noble/ciphers": ["@noble/ciphers@1.3.0", "", {}, "sha512-2I0gnIVPtfnMw9ee9h1dJG7tp81+8Ob3OJb3Mv37rx5L40/b0i7djjCVvGOVqc9AEIQyvyu1i6ypKdFw8R8gQw=="],

    "@noble/curves": ["@noble/curves@1.2.0", "", { "dependencies": { "@noble/hashes": "1.3.2" } }, "sha512-oYclrNgRaM9SsBUBVbb8M6DTV7ZHRTKugureoYEncY5c65HOmRzvSiTE3y5CYaPYJA/GVkrhXEoF0M3Ya9PMnw=="],

    "@noble/hashes": ["@noble/hashes@1.3.2", "", {}, "sha512-MVC8EAQp7MvEcm30KWENFjgR+Mkmf+D189XJTkFIlwohU5hcBbn1ZkKq7KVTi2Hme3PMGF390DaL52beVrIihQ=="],

    "@opentelemetry/api": ["@opentelemetry/api@1.9.0", "", {}, "sha512-3giAOQvZiH5F9bMlMiv8+GSPMeqg0dbaeo58/0SlA9sxSqZhnUtxzX9/2FzyhS9sWQf5S0GJE0AKBrFqjpeYcg=="],

    "@opentelemetry/api-logs": ["@opentelemetry/api-logs@0.57.2", "", { "dependencies": { "@opentelemetry/api": "^1.3.0" } }, "sha512-uIX52NnTM0iBh84MShlpouI7UKqkZ7MrUszTmaypHBu4r7NofznSnQRfJ+uUeDtQDj6w8eFGg5KBLDAwAPz1+A=="],

    "@opentelemetry/context-async-hooks": ["@opentelemetry/context-async-hooks@1.30.1", "", { "peerDependencies": { "@opentelemetry/api": ">=1.0.0 <1.10.0" } }, "sha512-s5vvxXPVdjqS3kTLKMeBMvop9hbWkwzBpu+mUO2M7sZtlkyDJGwFe33wRKnbaYDo8ExRVBIIdwIGrqpxHuKttA=="],

    "@opentelemetry/core": ["@opentelemetry/core@1.30.1", "", { "dependencies": { "@opentelemetry/semantic-conventions": "1.28.0" }, "peerDependencies": { "@opentelemetry/api": ">=1.0.0 <1.10.0" } }, "sha512-OOCM2C/QIURhJMuKaekP3TRBxBKxG/TWWA0TL2J6nXUtDnuCtccy49LUJF8xPFXMX+0LMcxFpCo8M9cGY1W6rQ=="],

    "@opentelemetry/instrumentation": ["@opentelemetry/instrumentation@0.57.2", "", { "dependencies": { "@opentelemetry/api-logs": "0.57.2", "@types/shimmer": "^1.2.0", "import-in-the-middle": "^1.8.1", "require-in-the-middle": "^7.1.1", "semver": "^7.5.2", "shimmer": "^1.2.1" }, "peerDependencies": { "@opentelemetry/api": "^1.3.0" } }, "sha512-BdBGhQBh8IjZ2oIIX6F2/Q3LKm/FDDKi6ccYKcBTeilh6SNdNKveDOLk73BkSJjQLJk6qe4Yh+hHw1UPhCDdrg=="],

    "@opentelemetry/instrumentation-amqplib": ["@opentelemetry/instrumentation-amqplib@0.46.1", "", { "dependencies": { "@opentelemetry/core": "^1.8.0", "@opentelemetry/instrumentation": "^0.57.1", "@opentelemetry/semantic-conventions": "^1.27.0" }, "peerDependencies": { "@opentelemetry/api": "^1.3.0" } }, "sha512-AyXVnlCf/xV3K/rNumzKxZqsULyITJH6OVLiW6730JPRqWA7Zc9bvYoVNpN6iOpTU8CasH34SU/ksVJmObFibQ=="],

    "@opentelemetry/instrumentation-connect": ["@opentelemetry/instrumentation-connect@0.43.0", "", { "dependencies": { "@opentelemetry/core": "^1.8.0", "@opentelemetry/instrumentation": "^0.57.0", "@opentelemetry/semantic-conventions": "^1.27.0", "@types/connect": "3.4.36" }, "peerDependencies": { "@opentelemetry/api": "^1.3.0" } }, "sha512-Q57JGpH6T4dkYHo9tKXONgLtxzsh1ZEW5M9A/OwKrZFyEpLqWgjhcZ3hIuVvDlhb426iDF1f9FPToV/mi5rpeA=="],

    "@opentelemetry/instrumentation-dataloader": ["@opentelemetry/instrumentation-dataloader@0.16.0", "", { "dependencies": { "@opentelemetry/instrumentation": "^0.57.0" }, "peerDependencies": { "@opentelemetry/api": "^1.3.0" } }, "sha512-88+qCHZC02up8PwKHk0UQKLLqGGURzS3hFQBZC7PnGwReuoKjHXS1o29H58S+QkXJpkTr2GACbx8j6mUoGjNPA=="],

    "@opentelemetry/instrumentation-express": ["@opentelemetry/instrumentation-express@0.47.0", "", { "dependencies": { "@opentelemetry/core": "^1.8.0", "@opentelemetry/instrumentation": "^0.57.0", "@opentelemetry/semantic-conventions": "^1.27.0" }, "peerDependencies": { "@opentelemetry/api": "^1.3.0" } }, "sha512-XFWVx6k0XlU8lu6cBlCa29ONtVt6ADEjmxtyAyeF2+rifk8uBJbk1La0yIVfI0DoKURGbaEDTNelaXG9l/lNNQ=="],

    "@opentelemetry/instrumentation-fastify": ["@opentelemetry/instrumentation-fastify@0.44.1", "", { "dependencies": { "@opentelemetry/core": "^1.8.0", "@opentelemetry/instrumentation": "^0.57.0", "@opentelemetry/semantic-conventions": "^1.27.0" }, "peerDependencies": { "@opentelemetry/api": "^1.3.0" } }, "sha512-RoVeMGKcNttNfXMSl6W4fsYoCAYP1vi6ZAWIGhBY+o7R9Y0afA7f9JJL0j8LHbyb0P0QhSYk+6O56OwI2k4iRQ=="],

    "@opentelemetry/instrumentation-fs": ["@opentelemetry/instrumentation-fs@0.19.0", "", { "dependencies": { "@opentelemetry/core": "^1.8.0", "@opentelemetry/instrumentation": "^0.57.0" }, "peerDependencies": { "@opentelemetry/api": "^1.3.0" } }, "sha512-JGwmHhBkRT2G/BYNV1aGI+bBjJu4fJUD/5/Jat0EWZa2ftrLV3YE8z84Fiij/wK32oMZ88eS8DI4ecLGZhpqsQ=="],

    "@opentelemetry/instrumentation-generic-pool": ["@opentelemetry/instrumentation-generic-pool@0.43.0", "", { "dependencies": { "@opentelemetry/instrumentation": "^0.57.0" }, "peerDependencies": { "@opentelemetry/api": "^1.3.0" } }, "sha512-at8GceTtNxD1NfFKGAuwtqM41ot/TpcLh+YsGe4dhf7gvv1HW/ZWdq6nfRtS6UjIvZJOokViqLPJ3GVtZItAnQ=="],

    "@opentelemetry/instrumentation-graphql": ["@opentelemetry/instrumentation-graphql@0.47.0", "", { "dependencies": { "@opentelemetry/instrumentation": "^0.57.0" }, "peerDependencies": { "@opentelemetry/api": "^1.3.0" } }, "sha512-Cc8SMf+nLqp0fi8oAnooNEfwZWFnzMiBHCGmDFYqmgjPylyLmi83b+NiTns/rKGwlErpW0AGPt0sMpkbNlzn8w=="],

    "@opentelemetry/instrumentation-hapi": ["@opentelemetry/instrumentation-hapi@0.45.1", "", { "dependencies": { "@opentelemetry/core": "^1.8.0", "@opentelemetry/instrumentation": "^0.57.0", "@opentelemetry/semantic-conventions": "^1.27.0" }, "peerDependencies": { "@opentelemetry/api": "^1.3.0" } }, "sha512-VH6mU3YqAKTePPfUPwfq4/xr049774qWtfTuJqVHoVspCLiT3bW+fCQ1toZxt6cxRPYASoYaBsMA3CWo8B8rcw=="],

    "@opentelemetry/instrumentation-http": ["@opentelemetry/instrumentation-http@0.57.1", "", { "dependencies": { "@opentelemetry/core": "1.30.1", "@opentelemetry/instrumentation": "0.57.1", "@opentelemetry/semantic-conventions": "1.28.0", "forwarded-parse": "2.1.2", "semver": "^7.5.2" }, "peerDependencies": { "@opentelemetry/api": "^1.3.0" } }, "sha512-ThLmzAQDs7b/tdKI3BV2+yawuF09jF111OFsovqT1Qj3D8vjwKBwhi/rDE5xethwn4tSXtZcJ9hBsVAlWFQZ7g=="],

    "@opentelemetry/instrumentation-ioredis": ["@opentelemetry/instrumentation-ioredis@0.47.0", "", { "dependencies": { "@opentelemetry/instrumentation": "^0.57.0", "@opentelemetry/redis-common": "^0.36.2", "@opentelemetry/semantic-conventions": "^1.27.0" }, "peerDependencies": { "@opentelemetry/api": "^1.3.0" } }, "sha512-4HqP9IBC8e7pW9p90P3q4ox0XlbLGme65YTrA3UTLvqvo4Z6b0puqZQP203YFu8m9rE/luLfaG7/xrwwqMUpJw=="],

    "@opentelemetry/instrumentation-kafkajs": ["@opentelemetry/instrumentation-kafkajs@0.7.0", "", { "dependencies": { "@opentelemetry/instrumentation": "^0.57.0", "@opentelemetry/semantic-conventions": "^1.27.0" }, "peerDependencies": { "@opentelemetry/api": "^1.3.0" } }, "sha512-LB+3xiNzc034zHfCtgs4ITWhq6Xvdo8bsq7amR058jZlf2aXXDrN9SV4si4z2ya9QX4tz6r4eZJwDkXOp14/AQ=="],

    "@opentelemetry/instrumentation-knex": ["@opentelemetry/instrumentation-knex@0.44.0", "", { "dependencies": { "@opentelemetry/instrumentation": "^0.57.0", "@opentelemetry/semantic-conventions": "^1.27.0" }, "peerDependencies": { "@opentelemetry/api": "^1.3.0" } }, "sha512-SlT0+bLA0Lg3VthGje+bSZatlGHw/vwgQywx0R/5u9QC59FddTQSPJeWNw29M6f8ScORMeUOOTwihlQAn4GkJQ=="],

    "@opentelemetry/instrumentation-koa": ["@opentelemetry/instrumentation-koa@0.47.0", "", { "dependencies": { "@opentelemetry/core": "^1.8.0", "@opentelemetry/instrumentation": "^0.57.0", "@opentelemetry/semantic-conventions": "^1.27.0" }, "peerDependencies": { "@opentelemetry/api": "^1.3.0" } }, "sha512-HFdvqf2+w8sWOuwtEXayGzdZ2vWpCKEQv5F7+2DSA74Te/Cv4rvb2E5So5/lh+ok4/RAIPuvCbCb/SHQFzMmbw=="],

    "@opentelemetry/instrumentation-lru-memoizer": ["@opentelemetry/instrumentation-lru-memoizer@0.44.0", "", { "dependencies": { "@opentelemetry/instrumentation": "^0.57.0" }, "peerDependencies": { "@opentelemetry/api": "^1.3.0" } }, "sha512-Tn7emHAlvYDFik3vGU0mdwvWJDwtITtkJ+5eT2cUquct6nIs+H8M47sqMJkCpyPe5QIBJoTOHxmc6mj9lz6zDw=="],

    "@opentelemetry/instrumentation-mongodb": ["@opentelemetry/instrumentation-mongodb@0.51.0", "", { "dependencies": { "@opentelemetry/instrumentation": "^0.57.0", "@opentelemetry/semantic-conventions": "^1.27.0" }, "peerDependencies": { "@opentelemetry/api": "^1.3.0" } }, "sha512-cMKASxCX4aFxesoj3WK8uoQ0YUrRvnfxaO72QWI2xLu5ZtgX/QvdGBlU3Ehdond5eb74c2s1cqRQUIptBnKz1g=="],

    "@opentelemetry/instrumentation-mongoose": ["@opentelemetry/instrumentation-mongoose@0.46.0", "", { "dependencies": { "@opentelemetry/core": "^1.8.0", "@opentelemetry/instrumentation": "^0.57.0", "@opentelemetry/semantic-conventions": "^1.27.0" }, "peerDependencies": { "@opentelemetry/api": "^1.3.0" } }, "sha512-mtVv6UeaaSaWTeZtLo4cx4P5/ING2obSqfWGItIFSunQBrYROfhuVe7wdIrFUs2RH1tn2YYpAJyMaRe/bnTTIQ=="],

    "@opentelemetry/instrumentation-mysql": ["@opentelemetry/instrumentation-mysql@0.45.0", "", { "dependencies": { "@opentelemetry/instrumentation": "^0.57.0", "@opentelemetry/semantic-conventions": "^1.27.0", "@types/mysql": "2.15.26" }, "peerDependencies": { "@opentelemetry/api": "^1.3.0" } }, "sha512-tWWyymgwYcTwZ4t8/rLDfPYbOTF3oYB8SxnYMtIQ1zEf5uDm90Ku3i6U/vhaMyfHNlIHvDhvJh+qx5Nc4Z3Acg=="],

    "@opentelemetry/instrumentation-mysql2": ["@opentelemetry/instrumentation-mysql2@0.45.0", "", { "dependencies": { "@opentelemetry/instrumentation": "^0.57.0", "@opentelemetry/semantic-conventions": "^1.27.0", "@opentelemetry/sql-common": "^0.40.1" }, "peerDependencies": { "@opentelemetry/api": "^1.3.0" } }, "sha512-qLslv/EPuLj0IXFvcE3b0EqhWI8LKmrgRPIa4gUd8DllbBpqJAvLNJSv3cC6vWwovpbSI3bagNO/3Q2SuXv2xA=="],

    "@opentelemetry/instrumentation-nestjs-core": ["@opentelemetry/instrumentation-nestjs-core@0.44.0", "", { "dependencies": { "@opentelemetry/instrumentation": "^0.57.0", "@opentelemetry/semantic-conventions": "^1.27.0" }, "peerDependencies": { "@opentelemetry/api": "^1.3.0" } }, "sha512-t16pQ7A4WYu1yyQJZhRKIfUNvl5PAaF2pEteLvgJb/BWdd1oNuU1rOYt4S825kMy+0q4ngiX281Ss9qiwHfxFQ=="],

    "@opentelemetry/instrumentation-pg": ["@opentelemetry/instrumentation-pg@0.50.0", "", { "dependencies": { "@opentelemetry/core": "^1.26.0", "@opentelemetry/instrumentation": "^0.57.0", "@opentelemetry/semantic-conventions": "1.27.0", "@opentelemetry/sql-common": "^0.40.1", "@types/pg": "8.6.1", "@types/pg-pool": "2.0.6" }, "peerDependencies": { "@opentelemetry/api": "^1.3.0" } }, "sha512-TtLxDdYZmBhFswm8UIsrDjh/HFBeDXd4BLmE8h2MxirNHewLJ0VS9UUddKKEverb5Sm2qFVjqRjcU+8Iw4FJ3w=="],

    "@opentelemetry/instrumentation-redis-4": ["@opentelemetry/instrumentation-redis-4@0.46.0", "", { "dependencies": { "@opentelemetry/instrumentation": "^0.57.0", "@opentelemetry/redis-common": "^0.36.2", "@opentelemetry/semantic-conventions": "^1.27.0" }, "peerDependencies": { "@opentelemetry/api": "^1.3.0" } }, "sha512-aTUWbzbFMFeRODn3720TZO0tsh/49T8H3h8vVnVKJ+yE36AeW38Uj/8zykQ/9nO8Vrtjr5yKuX3uMiG/W8FKNw=="],

    "@opentelemetry/instrumentation-tedious": ["@opentelemetry/instrumentation-tedious@0.18.0", "", { "dependencies": { "@opentelemetry/instrumentation": "^0.57.0", "@opentelemetry/semantic-conventions": "^1.27.0", "@types/tedious": "^4.0.14" }, "peerDependencies": { "@opentelemetry/api": "^1.3.0" } }, "sha512-9zhjDpUDOtD+coeADnYEJQ0IeLVCj7w/hqzIutdp5NqS1VqTAanaEfsEcSypyvYv5DX3YOsTUoF+nr2wDXPETA=="],

    "@opentelemetry/instrumentation-undici": ["@opentelemetry/instrumentation-undici@0.10.0", "", { "dependencies": { "@opentelemetry/core": "^1.8.0", "@opentelemetry/instrumentation": "^0.57.0" }, "peerDependencies": { "@opentelemetry/api": "^1.7.0" } }, "sha512-vm+V255NGw9gaSsPD6CP0oGo8L55BffBc8KnxqsMuc6XiAD1L8SFNzsW0RHhxJFqy9CJaJh+YiJ5EHXuZ5rZBw=="],

    "@opentelemetry/redis-common": ["@opentelemetry/redis-common@0.36.2", "", {}, "sha512-faYX1N0gpLhej/6nyp6bgRjzAKXn5GOEMYY7YhciSfCoITAktLUtQ36d24QEWNA1/WA1y6qQunCe0OhHRkVl9g=="],

    "@opentelemetry/resources": ["@opentelemetry/resources@1.30.1", "", { "dependencies": { "@opentelemetry/core": "1.30.1", "@opentelemetry/semantic-conventions": "1.28.0" }, "peerDependencies": { "@opentelemetry/api": ">=1.0.0 <1.10.0" } }, "sha512-5UxZqiAgLYGFjS4s9qm5mBVo433u+dSPUFWVWXmLAD4wB65oMCoXaJP1KJa9DIYYMeHu3z4BZcStG3LC593cWA=="],

    "@opentelemetry/sdk-trace-base": ["@opentelemetry/sdk-trace-base@1.30.1", "", { "dependencies": { "@opentelemetry/core": "1.30.1", "@opentelemetry/resources": "1.30.1", "@opentelemetry/semantic-conventions": "1.28.0" }, "peerDependencies": { "@opentelemetry/api": ">=1.0.0 <1.10.0" } }, "sha512-jVPgBbH1gCy2Lb7X0AVQ8XAfgg0pJ4nvl8/IiQA6nxOsPvS+0zMJaFSs2ltXe0J6C8dqjcnpyqINDJmU30+uOg=="],

    "@opentelemetry/semantic-conventions": ["@opentelemetry/semantic-conventions@1.37.0", "", {}, "sha512-JD6DerIKdJGmRp4jQyX5FlrQjA4tjOw1cvfsPAZXfOOEErMUHjPcPSICS+6WnM0nB0efSFARh0KAZss+bvExOA=="],

    "@opentelemetry/sql-common": ["@opentelemetry/sql-common@0.40.1", "", { "dependencies": { "@opentelemetry/core": "^1.1.0" }, "peerDependencies": { "@opentelemetry/api": "^1.1.0" } }, "sha512-nSDlnHSqzC3pXn/wZEZVLuAuJ1MYMXPBwtv2qAbCa3847SaHItdE7SzUq/Jtb0KZmh1zfAbNi3AAMjztTT4Ugg=="],

    "@polygonlabs/servercore": ["@polygonlabs/servercore@1.1.0", "", { "dependencies": { "croner": "^9.0.0", "ulid": "^3.0.1", "viem": "^2.26.3", "winston": "^3.17.0", "winston-transport-sentry-node": "^3.0.0", "zod": "^3.24.2" }, "peerDependencies": { "typescript": "^5" } }, "sha512-ogGq3TjtqySwAkTxBADB/CpOOZFMBDSwOsP8VwuAHBy+f50yaAHss86zj/RrXdPdj0vFL7i5WvIs9TaWUsSLow=="],

    "@prisma/instrumentation": ["@prisma/instrumentation@5.22.0", "", { "dependencies": { "@opentelemetry/api": "^1.8", "@opentelemetry/instrumentation": "^0.49 || ^0.50 || ^0.51 || ^0.52.0 || ^0.53.0", "@opentelemetry/sdk-trace-base": "^1.22" } }, "sha512-LxccF392NN37ISGxIurUljZSh1YWnphO34V5a0+T7FVQG2u9bhAXRTJpgmQ3483woVhkraQZFF7cbRrpbw/F4Q=="],

    "@scure/base": ["@scure/base@1.2.6", "", {}, "sha512-g/nm5FgUa//MCj1gV09zTJTaM6KBAHqLN907YVQqf7zC49+DcO4B1so4ZX07Ef10Twr6nuqYEH9GEggFXA4Fmg=="],

    "@scure/bip32": ["@scure/bip32@1.7.0", "", { "dependencies": { "@noble/curves": "~1.9.0", "@noble/hashes": "~1.8.0", "@scure/base": "~1.2.5" } }, "sha512-E4FFX/N3f4B80AKWp5dP6ow+flD1LQZo/w8UnLGYZO674jS6YnYeepycOOksv+vLPSpgN35wgKgy+ybfTb2SMw=="],

    "@scure/bip39": ["@scure/bip39@1.6.0", "", { "dependencies": { "@noble/hashes": "~1.8.0", "@scure/base": "~1.2.5" } }, "sha512-+lF0BbLiJNwVlev4eKelw1WWLaiKXw7sSl8T6FvBlWkdX+94aGJ4o8XjUdlyhTCjd8c+B3KT3JfS8P0bLRNU6A=="],

    "@sentry/core": ["@sentry/core@8.55.0", "", {}, "sha512-6g7jpbefjHYs821Z+EBJ8r4Z7LT5h80YSWRJaylGS4nW5W5Z2KXzpdnyFarv37O7QjauzVC2E+PABmpkw5/JGA=="],

    "@sentry/node": ["@sentry/node@8.55.0", "", { "dependencies": { "@opentelemetry/api": "^1.9.0", "@opentelemetry/context-async-hooks": "^1.30.1", "@opentelemetry/core": "^1.30.1", "@opentelemetry/instrumentation": "^0.57.1", "@opentelemetry/instrumentation-amqplib": "^0.46.0", "@opentelemetry/instrumentation-connect": "0.43.0", "@opentelemetry/instrumentation-dataloader": "0.16.0", "@opentelemetry/instrumentation-express": "0.47.0", "@opentelemetry/instrumentation-fastify": "0.44.1", "@opentelemetry/instrumentation-fs": "0.19.0", "@opentelemetry/instrumentation-generic-pool": "0.43.0", "@opentelemetry/instrumentation-graphql": "0.47.0", "@opentelemetry/instrumentation-hapi": "0.45.1", "@opentelemetry/instrumentation-http": "0.57.1", "@opentelemetry/instrumentation-ioredis": "0.47.0", "@opentelemetry/instrumentation-kafkajs": "0.7.0", "@opentelemetry/instrumentation-knex": "0.44.0", "@opentelemetry/instrumentation-koa": "0.47.0", "@opentelemetry/instrumentation-lru-memoizer": "0.44.0", "@opentelemetry/instrumentation-mongodb": "0.51.0", "@opentelemetry/instrumentation-mongoose": "0.46.0", "@opentelemetry/instrumentation-mysql": "0.45.0", "@opentelemetry/instrumentation-mysql2": "0.45.0", "@opentelemetry/instrumentation-nestjs-core": "0.44.0", "@opentelemetry/instrumentation-pg": "0.50.0", "@opentelemetry/instrumentation-redis-4": "0.46.0", "@opentelemetry/instrumentation-tedious": "0.18.0", "@opentelemetry/instrumentation-undici": "0.10.0", "@opentelemetry/resources": "^1.30.1", "@opentelemetry/sdk-trace-base": "^1.30.1", "@opentelemetry/semantic-conventions": "^1.28.0", "@prisma/instrumentation": "5.22.0", "@sentry/core": "8.55.0", "@sentry/opentelemetry": "8.55.0", "import-in-the-middle": "^1.11.2" } }, "sha512-h10LJLDTRAzYgay60Oy7moMookqqSZSviCWkkmHZyaDn+4WURnPp5SKhhfrzPRQcXKrweiOwDSHBgn1tweDssg=="],

    "@sentry/opentelemetry": ["@sentry/opentelemetry@8.55.0", "", { "dependencies": { "@sentry/core": "8.55.0" }, "peerDependencies": { "@opentelemetry/api": "^1.9.0", "@opentelemetry/context-async-hooks": "^1.30.1", "@opentelemetry/core": "^1.30.1", "@opentelemetry/instrumentation": "^0.57.1", "@opentelemetry/sdk-trace-base": "^1.30.1", "@opentelemetry/semantic-conventions": "^1.28.0" } }, "sha512-UvatdmSr3Xf+4PLBzJNLZ2JjG1yAPWGe/VrJlJAqyTJ2gKeTzgXJJw8rp4pbvNZO8NaTGEYhhO+scLUj0UtLAQ=="],

    "@types/bun": ["@types/bun@1.2.22", "", { "dependencies": { "bun-types": "1.2.22" } }, "sha512-5A/KrKos2ZcN0c6ljRSOa1fYIyCKhZfIVYeuyb4snnvomnpFqC0tTsEkdqNxbAgExV384OETQ//WAjl3XbYqQA=="],

    "@types/connect": ["@types/connect@3.4.36", "", { "dependencies": { "@types/node": "*" } }, "sha512-P63Zd/JUGq+PdrM1lv0Wv5SBYeA2+CORvbrXbngriYY0jzLUWfQMQQxOhjONEz/wlHOAxOdY7CY65rgQdTjq2w=="],

    "@types/mysql": ["@types/mysql@2.15.26", "", { "dependencies": { "@types/node": "*" } }, "sha512-DSLCOXhkvfS5WNNPbfn2KdICAmk8lLc+/PNvnPnF7gOdMZCxopXduqv0OQ13y/yA/zXTSikZZqVgybUxOEg6YQ=="],

    "@types/node": ["@types/node@22.7.5", "", { "dependencies": { "undici-types": "~6.19.2" } }, "sha512-jML7s2NAzMWc//QSJ1a3prpk78cOPchGvXJsC3C6R6PSMoooztvRVQEz89gmBTBY1SPMaqo5teB4uNHPdetShQ=="],

    "@types/pg": ["@types/pg@8.6.1", "", { "dependencies": { "@types/node": "*", "pg-protocol": "*", "pg-types": "^2.2.0" } }, "sha512-1Kc4oAGzAl7uqUStZCDvaLFqZrW9qWSjXOmBfdgyBP5La7Us6Mg4GBvRlSoaZMhQF/zSj1C8CtKMBkoiT8eL8w=="],

    "@types/pg-pool": ["@types/pg-pool@2.0.6", "", { "dependencies": { "@types/pg": "*" } }, "sha512-TaAUE5rq2VQYxab5Ts7WZhKNmuN78Q6PiFonTDdpbx8a1H0M1vhy3rhiMjl+e2iHmogyMw7jZF4FrE6eJUy5HQ=="],

    "@types/react": ["@types/react@19.1.13", "", { "dependencies": { "csstype": "^3.0.2" } }, "sha512-hHkbU/eoO3EG5/MZkuFSKmYqPbSVk5byPFa3e7y/8TybHiLMACgI8seVYlicwk7H5K/rI2px9xrQp/C+AUDTiQ=="],

    "@types/shimmer": ["@types/shimmer@1.2.0", "", {}, "sha512-UE7oxhQLLd9gub6JKIAhDq06T0F6FnztwMNRvYgjeQSBeMc1ZG/tA47EwfduvkuQS8apbkM/lpLpWsaCeYsXVg=="],

    "@types/tedious": ["@types/tedious@4.0.14", "", { "dependencies": { "@types/node": "*" } }, "sha512-KHPsfX/FoVbUGbyYvk1q9MMQHLPeRZhRJZdO45Q4YjvFkv4hMNghCWTvy7rdKessBsmtz4euWCWAB6/tVpI1Iw=="],

    "@types/triple-beam": ["@types/triple-beam@1.3.5", "", {}, "sha512-6WaYesThRMCl19iryMYP7/x2OVgCtbIVflDGFpWnb9irXI3UjYE4AzmYuiUKY1AJstGijoY+MgUszMgRxIYTYw=="],

    "abitype": ["abitype@0.7.1", "", { "peerDependencies": { "typescript": ">=4.9.4", "zod": "^3 >=3.19.1" }, "optionalPeers": ["zod"] }, "sha512-VBkRHTDZf9Myaek/dO3yMmOzB/y2s3Zo6nVU7yaw1G+TvCHAjwaJzNGN9yo4K5D8bU/VZXKP1EJpRhFr862PlQ=="],

    "acorn": ["acorn@8.15.0", "", { "bin": { "acorn": "bin/acorn" } }, "sha512-NZyJarBfL7nWwIq+FDL6Zp/yHEhePMNnnJ0y3qfieCrmNvYct8uvtiV41UvlSe6apAfk0fY1FbWx+NwfmpvtTg=="],

    "acorn-import-attributes": ["acorn-import-attributes@1.9.5", "", { "peerDependencies": { "acorn": "^8" } }, "sha512-n02Vykv5uA3eHGM/Z2dQrcD56kL8TyDb2p1+0P83PClMnC/nc+anbQRhIOWnSq4Ke/KvDPrY3C9hDtC/A3eHnQ=="],

    "aes-js": ["aes-js@4.0.0-beta.5", "", {}, "sha512-G965FqalsNyrPqgEGON7nIx1e/OVENSgiEIzyC63haUMuvNnwIgIjMs52hlTCKhkBny7A2ORNlfY9Zu+jmGk1Q=="],

    "async": ["async@3.2.6", "", {}, "sha512-htCUDlxyyCLMgaM3xXg0C0LW2xqfuQ6p05pCEIsXuyQ+a1koYKTuBMzRNwmybfLgvJDMd0r1LTn4+E0Ti6C2AA=="],

    "asynckit": ["asynckit@0.4.0", "", {}, "sha512-Oei9OH4tRh0YqU3GxhX79dM/mwVgvbZJaSNaRk+bshkj0S5cfHcgYakreBjrHwatXKbz+IoIdYLxrKim2MjW0Q=="],

    "available-typed-arrays": ["available-typed-arrays@1.0.7", "", { "dependencies": { "possible-typed-array-names": "^1.0.0" } }, "sha512-wvUjBtSGN7+7SjNpq/9M2Tg350UZD3q62IFZLbRAR1bSMlCo1ZaeW+BJ+D090e4hIIZLBcTDWe4Mh4jvUDajzQ=="],

    "axios": ["axios@1.12.2", "", { "dependencies": { "follow-redirects": "^1.15.6", "form-data": "^4.0.4", "proxy-from-env": "^1.1.0" } }, "sha512-vMJzPewAlRyOgxV2dU0Cuz2O8zzzx9VYtbJOaBgXFeLc4IV/Eg50n4LowmehOOR61S8ZMpc2K5Sa7g6A4jfkUw=="],

    "bun-types": ["bun-types@1.2.22", "", { "dependencies": { "@types/node": "*" }, "peerDependencies": { "@types/react": "^19" } }, "sha512-hwaAu8tct/Zn6Zft4U9BsZcXkYomzpHJX28ofvx7k0Zz2HNz54n1n+tDgxoWFGB4PcFvJXJQloPhaV2eP3Q6EA=="],

    "call-bind": ["call-bind@1.0.8", "", { "dependencies": { "call-bind-apply-helpers": "^1.0.0", "es-define-property": "^1.0.0", "get-intrinsic": "^1.2.4", "set-function-length": "^1.2.2" } }, "sha512-oKlSFMcMwpUg2ednkhQ454wfWiU/ul3CkJe/PEHcTKuiX6RpbehUiFMXu13HalGZxfUwCQzZG747YXBn1im9ww=="],

    "call-bind-apply-helpers": ["call-bind-apply-helpers@1.0.2", "", { "dependencies": { "es-errors": "^1.3.0", "function-bind": "^1.1.2" } }, "sha512-Sp1ablJ0ivDkSzjcaJdxEunN5/XvksFJ2sMBFfq6x0ryhQV/2b/KwFe21cMpmHtPOSij8K99/wSfoEuTObmuMQ=="],

    "call-bound": ["call-bound@1.0.4", "", { "dependencies": { "call-bind-apply-helpers": "^1.0.2", "get-intrinsic": "^1.3.0" } }, "sha512-+ys997U96po4Kx/ABpBCqhA9EuxJaQWDQg7295H4hBphv3IZg0boBKuwYpt4YXp6MZ5AmZQnU/tyMTlRpaSejg=="],

    "cjs-module-lexer": ["cjs-module-lexer@1.4.3", "", {}, "sha512-9z8TZaGM1pfswYeXrUpzPrkx8UnWYdhJclsiYMm6x/w5+nN+8Tf/LnAgfLGQCm59qAOxU8WwHEq2vNwF6i4j+Q=="],

    "color": ["color@3.2.1", "", { "dependencies": { "color-convert": "^1.9.3", "color-string": "^1.6.0" } }, "sha512-aBl7dZI9ENN6fUGC7mWpMTPNHmWUSNan9tuWN6ahh5ZLNk9baLJOnSMlrQkHcrfFgz2/RigjUVAjdx36VcemKA=="],

    "color-convert": ["color-convert@1.9.3", "", { "dependencies": { "color-name": "1.1.3" } }, "sha512-QfAUtd+vFdAtFQcC8CCyYt1fYWxSqAiK2cSD6zDB8N3cpsEBAvRxp9zOGg6G/SHHJYAT88/az/IuDGALsNVbGg=="],

    "color-name": ["color-name@1.1.3", "", {}, "sha512-72fSenhMw2HZMTVHeCA9KCmpEIbzWiQsjN+BHcBbS9vr1mtt+vJjPdksIBNUmKAW8TFUDPJK5SUU3QhE9NEXDw=="],

    "color-string": ["color-string@1.9.1", "", { "dependencies": { "color-name": "^1.0.0", "simple-swizzle": "^0.2.2" } }, "sha512-shrVawQFojnZv6xM40anx4CkoDP+fZsw/ZerEMsW/pyzsRbElpsL/DBVW7q3ExxwusdNXI3lXpuhEZkzs8p5Eg=="],

    "colorspace": ["colorspace@1.1.4", "", { "dependencies": { "color": "^3.1.3", "text-hex": "1.0.x" } }, "sha512-BgvKJiuVu1igBUF2kEjRCZXol6wiiGbY5ipL/oVPwm0BL9sIpMIzM8IK7vwuxIIzOXMV3Ey5w+vxhm0rR/TN8w=="],

    "combined-stream": ["combined-stream@1.0.8", "", { "dependencies": { "delayed-stream": "~1.0.0" } }, "sha512-FQN4MRfuJeHf7cBbBMJFXhKSDq+2kAArBlmRBvcvFE5BB1HZKXtSFASDhdlz9zOYwxh8lDdnvmMOe/+5cdoEdg=="],

    "croner": ["croner@9.1.0", "", {}, "sha512-p9nwwR4qyT5W996vBZhdvBCnMhicY5ytZkR4D1Xj0wuTDEiMnjwR57Q3RXYY/s0EpX6Ay3vgIcfaR+ewGHsi+g=="],

    "csstype": ["csstype@3.1.3", "", {}, "sha512-M1uQkMl8rQK/szD0LNhtqxIPLpimGm8sOBwU7lLnCpSbTyY3yeU1Vc7l4KT5zT4s/yOxHH5O7tIuuLOCnLADRw=="],

    "debug": ["debug@4.4.3", "", { "dependencies": { "ms": "^2.1.3" } }, "sha512-RGwwWnwQvkVfavKVt22FGLw+xYSdzARwm0ru6DhTVA3umU5hZc28V3kO4stgYryrTlLpuvgI9GiijltAjNbcqA=="],

    "define-data-property": ["define-data-property@1.1.4", "", { "dependencies": { "es-define-property": "^1.0.0", "es-errors": "^1.3.0", "gopd": "^1.0.1" } }, "sha512-rBMvIzlpA8v6E+SJZoo++HAYqsLrkg7MSfIinMPFhmkorw7X+dOXVJQs+QT69zGkzMyfDnIMN2Wid1+NbL3T+A=="],

    "delayed-stream": ["delayed-stream@1.0.0", "", {}, "sha512-ZySD7Nf91aLB0RxL4KGrKHBXl7Eds1DAmEdcoVawXnLD7SDhpNgtuII2aAkg7a7QS41jxPSZ17p4VdGnMHk3MQ=="],

    "dotenv": ["dotenv@16.6.1", "", {}, "sha512-uBq4egWHTcTt33a72vpSG0z3HnPuIl6NqYcTrKEg2azoEyl2hpW0zqlxysq2pK9HlDIHyHyakeYaYnSAwd8bow=="],

    "dunder-proto": ["dunder-proto@1.0.1", "", { "dependencies": { "call-bind-apply-helpers": "^1.0.1", "es-errors": "^1.3.0", "gopd": "^1.2.0" } }, "sha512-KIN/nDJBQRcXw0MLVhZE9iQHmG68qAVIBg9CqmUYjmQIhgij9U5MFvrqkUL5FbtyyzZuOeOt0zdeRe4UY7ct+A=="],

    "enabled": ["enabled@2.0.0", "", {}, "sha512-AKrN98kuwOzMIdAizXGI86UFBoo26CL21UM763y1h/GMSJ4/OHU9k2YlsmBpyScFo/wbLzWQJBMCW4+IO3/+OQ=="],

    "es-define-property": ["es-define-property@1.0.1", "", {}, "sha512-e3nRfgfUZ4rNGL232gUgX06QNyyez04KdjFrF+LTRoOXmrOgFKDg4BCdsjW8EnT69eqdYGmRpJwiPVYNrCaW3g=="],

    "es-errors": ["es-errors@1.3.0", "", {}, "sha512-Zf5H2Kxt2xjTvbJvP2ZWLEICxA6j+hAmMzIlypy4xcBg1vKVnx89Wy0GbS+kf5cwCVFFzdCFh2XSCFNULS6csw=="],

    "es-object-atoms": ["es-object-atoms@1.1.1", "", { "dependencies": { "es-errors": "^1.3.0" } }, "sha512-FGgH2h8zKNim9ljj7dankFPcICIK9Cp5bm+c2gQSYePhpaG5+esrLODihIorn+Pe6FGJzWhXQotPv73jTaldXA=="],

    "es-set-tostringtag": ["es-set-tostringtag@2.1.0", "", { "dependencies": { "es-errors": "^1.3.0", "get-intrinsic": "^1.2.6", "has-tostringtag": "^1.0.2", "hasown": "^2.0.2" } }, "sha512-j6vWzfrGVfyXxge+O0x5sh6cvxAog0a/4Rdd2K36zCMV5eJ+/+tOAngRO8cODMNWbVRdVlmGZQL2YS3yR8bIUA=="],

    "ethereum-cryptography": ["ethereum-cryptography@2.2.1", "", { "dependencies": { "@noble/curves": "1.4.2", "@noble/hashes": "1.4.0", "@scure/bip32": "1.4.0", "@scure/bip39": "1.3.0" } }, "sha512-r/W8lkHSiTLxUxW8Rf3u4HGB0xQweG2RyETjywylKZSzLWoWAijRz8WCuOtJ6wah+avllXBqZuk29HCCvhEIRg=="],

    "ethers": ["ethers@6.15.0", "", { "dependencies": { "@adraffy/ens-normalize": "1.10.1", "@noble/curves": "1.2.0", "@noble/hashes": "1.3.2", "@types/node": "22.7.5", "aes-js": "4.0.0-beta.5", "tslib": "2.7.0", "ws": "8.17.1" } }, "sha512-Kf/3ZW54L4UT0pZtsY/rf+EkBU7Qi5nnhonjUb8yTXcxH3cdcWrV2cRyk0Xk/4jK6OoHhxxZHriyhje20If2hQ=="],

    "eventemitter3": ["eventemitter3@5.0.1", "", {}, "sha512-GWkBvjiSZK87ELrYOSESUYeVIc9mvLLf/nXalMOS5dYrgZq9o5OVkbZAVM06CVxYsCwH9BDZFPlQTlPA1j4ahA=="],

    "fecha": ["fecha@4.2.3", "", {}, "sha512-OP2IUU6HeYKJi3i0z4A19kHMQoLVs4Hc+DPqqxI2h/DPZHTm/vjsfC6P0b4jCMy14XizLBqvndQ+UilD7707Jw=="],

    "fn.name": ["fn.name@1.1.0", "", {}, "sha512-GRnmB5gPyJpAhTQdSZTSp9uaPSvl09KoYcMQtsB9rQoOmzs9dH6ffeccH+Z+cv6P68Hu5bC6JjRh4Ah/mHSNRw=="],

    "follow-redirects": ["follow-redirects@1.15.11", "", {}, "sha512-deG2P0JfjrTxl50XGCDyfI97ZGVCxIpfKYmfyrQ54n5FO/0gfIES8C/Psl6kWVDolizcaaxZJnTS0QSMxvnsBQ=="],

    "for-each": ["for-each@0.3.5", "", { "dependencies": { "is-callable": "^1.2.7" } }, "sha512-dKx12eRCVIzqCxFGplyFKJMPvLEWgmNtUrpTiJIR5u97zEhRG8ySrtboPHZXx7daLxQVrl643cTzbab2tkQjxg=="],

    "form-data": ["form-data@4.0.4", "", { "dependencies": { "asynckit": "^0.4.0", "combined-stream": "^1.0.8", "es-set-tostringtag": "^2.1.0", "hasown": "^2.0.2", "mime-types": "^2.1.12" } }, "sha512-KrGhL9Q4zjj0kiUt5OO4Mr/A/jlI2jDYs5eHBpYHPcBEVSiipAvn2Ko2HnPe20rmcuuvMHNdZFp+4IlGTMF0Ow=="],

    "forwarded-parse": ["forwarded-parse@2.1.2", "", {}, "sha512-alTFZZQDKMporBH77856pXgzhEzaUVmLCDk+egLgIgHst3Tpndzz8MnKe+GzRJRfvVdn69HhpW7cmXzvtLvJAw=="],

    "function-bind": ["function-bind@1.1.2", "", {}, "sha512-7XHNxH7qX9xG5mIwxkhumTox/MIRNcOgDrxWsMt2pAr23WHp6MrRlN7FBSFpCpr+oVO0F744iUgR82nJMfG2SA=="],

    "get-intrinsic": ["get-intrinsic@1.3.0", "", { "dependencies": { "call-bind-apply-helpers": "^1.0.2", "es-define-property": "^1.0.1", "es-errors": "^1.3.0", "es-object-atoms": "^1.1.1", "function-bind": "^1.1.2", "get-proto": "^1.0.1", "gopd": "^1.2.0", "has-symbols": "^1.1.0", "hasown": "^2.0.2", "math-intrinsics": "^1.1.0" } }, "sha512-9fSjSaos/fRIVIp+xSJlE6lfwhES7LNtKaCBIamHsjr2na1BiABJPo0mOjjz8GJDURarmCPGqaiVg5mfjb98CQ=="],

    "get-proto": ["get-proto@1.0.1", "", { "dependencies": { "dunder-proto": "^1.0.1", "es-object-atoms": "^1.0.0" } }, "sha512-sTSfBjoXBp89JvIKIefqw7U2CCebsc74kiY6awiGogKtoSGbgjYE/G/+l9sF3MWFPNc9IcoOC4ODfKHfxFmp0g=="],

    "gopd": ["gopd@1.2.0", "", {}, "sha512-ZUKRh6/kUFoAiTAtTYPZJ3hw9wNxx+BIBOijnlG9PnrJsCcSjs1wyyD6vJpaYtgnzDrKYRSqf3OO6Rfa93xsRg=="],

    "has-property-descriptors": ["has-property-descriptors@1.0.2", "", { "dependencies": { "es-define-property": "^1.0.0" } }, "sha512-55JNKuIW+vq4Ke1BjOTjM2YctQIvCT7GFzHwmfZPGo5wnrgkid0YQtnAleFSqumZm4az3n2BS+erby5ipJdgrg=="],

    "has-symbols": ["has-symbols@1.1.0", "", {}, "sha512-1cDNdwJ2Jaohmb3sg4OmKaMBwuC48sYni5HUw2DvsC8LjGTLK9h+eb1X6RyuOHe4hT0ULCW68iomhjUoKUqlPQ=="],

    "has-tostringtag": ["has-tostringtag@1.0.2", "", { "dependencies": { "has-symbols": "^1.0.3" } }, "sha512-NqADB8VjPFLM2V0VvHUewwwsw0ZWBaIdgo+ieHtK3hasLz4qeCRjYcqfB6AQrBggRKppKF8L52/VqdVsO47Dlw=="],

    "hasown": ["hasown@2.0.2", "", { "dependencies": { "function-bind": "^1.1.2" } }, "sha512-0hJU9SCPvmMzIBdZFqNPXWa6dqh7WdH0cII9y+CyS8rG3nL48Bclra9HmKhVVUHyPWNH5Y7xDwAB7bfgSjkUMQ=="],

    "import-in-the-middle": ["import-in-the-middle@1.14.2", "", { "dependencies": { "acorn": "^8.14.0", "acorn-import-attributes": "^1.9.5", "cjs-module-lexer": "^1.2.2", "module-details-from-path": "^1.0.3" } }, "sha512-5tCuY9BV8ujfOpwtAGgsTx9CGUapcFMEEyByLv1B+v2+6DhAcw+Zr0nhQT7uwaZ7DiourxFEscghOR8e1aPLQw=="],

    "inherits": ["inherits@2.0.4", "", {}, "sha512-k/vGaX4/Yla3WzyMCvTQOXYeIHvqOKtnqBduzTHpzpQZzAskKMhZ2K+EnBiSM9zGSoIFeMpXKxa4dYeZIQqewQ=="],

    "is-arguments": ["is-arguments@1.2.0", "", { "dependencies": { "call-bound": "^1.0.2", "has-tostringtag": "^1.0.2" } }, "sha512-7bVbi0huj/wrIAOzb8U1aszg9kdi3KN/CyU19CTI7tAoZYEZoL9yCDXpbXN+uPsuWnP02cyug1gleqq+TU+YCA=="],

    "is-arrayish": ["is-arrayish@0.3.4", "", {}, "sha512-m6UrgzFVUYawGBh1dUsWR5M2Clqic9RVXC/9f8ceNlv2IcO9j9J/z8UoCLPqtsPBFNzEpfR3xftohbfqDx8EQA=="],

    "is-callable": ["is-callable@1.2.7", "", {}, "sha512-1BC0BVFhS/p0qtw6enp8e+8OD0UrK0oFLztSjNzhcKA3WDuJxxAPXzPuPtKkjEY9UUoEWlX/8fgKeu2S8i9JTA=="],

    "is-core-module": ["is-core-module@2.16.1", "", { "dependencies": { "hasown": "^2.0.2" } }, "sha512-UfoeMA6fIJ8wTYFEUjelnaGI67v6+N7qXJEvQuIGa99l4xsCruSYOVSQ0uPANn4dAzm8lkYPaKLrrijLq7x23w=="],

    "is-generator-function": ["is-generator-function@1.1.0", "", { "dependencies": { "call-bound": "^1.0.3", "get-proto": "^1.0.0", "has-tostringtag": "^1.0.2", "safe-regex-test": "^1.1.0" } }, "sha512-nPUB5km40q9e8UfN/Zc24eLlzdSf9OfKByBw9CIdw4H1giPMeA0OIJvbchsCu4npfI2QcMVBsGEBHKZ7wLTWmQ=="],

    "is-regex": ["is-regex@1.2.1", "", { "dependencies": { "call-bound": "^1.0.2", "gopd": "^1.2.0", "has-tostringtag": "^1.0.2", "hasown": "^2.0.2" } }, "sha512-MjYsKHO5O7mCsmRGxWcLWheFqN9DJ/2TmngvjKXihe6efViPqc274+Fx/4fYj/r03+ESvBdTXK0V6tA3rgez1g=="],

    "is-stream": ["is-stream@2.0.1", "", {}, "sha512-hFoiJiTl63nn+kstHGBtewWSKnQLpyb155KHheA1l39uvtO9nWIop1p3udqPcUd/xbF1VLMO4n7OI6p7RbngDg=="],

    "is-typed-array": ["is-typed-array@1.1.15", "", { "dependencies": { "which-typed-array": "^1.1.16" } }, "sha512-p3EcsicXjit7SaskXHs1hA91QxgTw46Fv6EFKKGS5DRFLD8yKnohjF3hxoju94b/OcMZoQukzpPpBE9uLVKzgQ=="],

    "isows": ["isows@1.0.7", "", { "peerDependencies": { "ws": "*" } }, "sha512-I1fSfDCZL5P0v33sVqeTDSpcstAg/N+wF5HS033mogOVIp4B+oHC7oOCsA3axAbBSGTJ8QubbNmnIRN/h8U7hg=="],

    "kuler": ["kuler@2.0.0", "", {}, "sha512-Xq9nH7KlWZmXAtodXDDRE7vs6DU1gTU8zYDHDiWLSip45Egwq3plLHzPn27NgvzL2r1LMPC1vdqh98sQxtqj4A=="],

    "logform": ["logform@2.7.0", "", { "dependencies": { "@colors/colors": "1.6.0", "@types/triple-beam": "^1.3.2", "fecha": "^4.2.0", "ms": "^2.1.1", "safe-stable-stringify": "^2.3.1", "triple-beam": "^1.3.0" } }, "sha512-TFYA4jnP7PVbmlBIfhlSe+WKxs9dklXMTEGcBCIvLhE/Tn3H6Gk1norupVW7m5Cnd4bLcr08AytbyV/xj7f/kQ=="],

    "math-intrinsics": ["math-intrinsics@1.1.0", "", {}, "sha512-/IXtbwEk5HTPyEwyKX6hGkYXxM9nbj64B+ilVJnC/R6B0pH5G4V3b0pVbL7DBj4tkhBAppbQUlf6F6Xl9LHu1g=="],

    "mime-db": ["mime-db@1.52.0", "", {}, "sha512-sPU4uV7dYlvtWJxwwxHD0PuihVNiE7TyAbQ5SWxDCB9mUYvOgroQOwYQQOKPJ8CIbE+1ETVlOoK1UC2nU3gYvg=="],

    "mime-types": ["mime-types@2.1.35", "", { "dependencies": { "mime-db": "1.52.0" } }, "sha512-ZDY+bPm5zTTF+YpCrAU9nK0UgICYPT0QtT1NZWFv4s++TNkcgVaT0g6+4R2uI4MjQjzysHB1zxuWL50hzaeXiw=="],

    "module-details-from-path": ["module-details-from-path@1.0.4", "", {}, "sha512-EGWKgxALGMgzvxYF1UyGTy0HXX/2vHLkw6+NvDKW2jypWbHpjQuj4UMcqQWXHERJhVGKikolT06G3bcKe4fi7w=="],

    "ms": ["ms@2.1.3", "", {}, "sha512-6FlzubTLZG3J2a/NVCAleEhjzq5oxgHyaCU9yYXvcLsvoVaHJq/s5xXI6/XXP6tz7R9xAOtHnSO/tXtF3WRTlA=="],

    "one-time": ["one-time@1.0.0", "", { "dependencies": { "fn.name": "1.x.x" } }, "sha512-5DXOiRKwuSEcQ/l0kGCF6Q3jcADFv5tSmRaJck/OqkVFcOzutB134KRSfF0xDrL39MNnqxbHBbUUcjZIhTgb2g=="],

    "ox": ["ox@0.9.3", "", { "dependencies": { "@adraffy/ens-normalize": "^1.11.0", "@noble/ciphers": "^1.3.0", "@noble/curves": "1.9.1", "@noble/hashes": "^1.8.0", "@scure/bip32": "^1.7.0", "@scure/bip39": "^1.6.0", "abitype": "^1.0.9", "eventemitter3": "5.0.1" }, "peerDependencies": { "typescript": ">=5.4.0" }, "optionalPeers": ["typescript"] }, "sha512-KzyJP+fPV4uhuuqrTZyok4DC7vFzi7HLUFiUNEmpbyh59htKWkOC98IONC1zgXJPbHAhQgqs6B0Z6StCGhmQvg=="],

    "path-parse": ["path-parse@1.0.7", "", {}, "sha512-LDJzPVEEEPR+y48z93A0Ed0yXb8pAByGWo/k5YYdYgpY2/2EsOsksJrq7lOHxryrVOn1ejG6oAp8ahvOIQD8sw=="],

    "pg-int8": ["pg-int8@1.0.1", "", {}, "sha512-WCtabS6t3c8SkpDBUlb1kjOs7l66xsGdKpIPZsg4wR+B3+u9UAum2odSsF9tnvxg80h4ZxLWMy4pRjOsFIqQpw=="],

    "pg-protocol": ["pg-protocol@1.10.3", "", {}, "sha512-6DIBgBQaTKDJyxnXaLiLR8wBpQQcGWuAESkRBX/t6OwA8YsqP+iVSiond2EDy6Y/dsGk8rh/jtax3js5NeV7JQ=="],

    "pg-types": ["pg-types@2.2.0", "", { "dependencies": { "pg-int8": "1.0.1", "postgres-array": "~2.0.0", "postgres-bytea": "~1.0.0", "postgres-date": "~1.0.4", "postgres-interval": "^1.1.0" } }, "sha512-qTAAlrEsl8s4OiEQY69wDvcMIdQN6wdz5ojQiOy6YRMuynxenON0O5oCpJI6lshc6scgAY8qvJ2On/p+CXY0GA=="],

    "possible-typed-array-names": ["possible-typed-array-names@1.1.0", "", {}, "sha512-/+5VFTchJDoVj3bhoqi6UeymcD00DAwb1nJwamzPvHEszJ4FpF6SNNbUbOS8yI56qHzdV8eK0qEfOSiodkTdxg=="],

    "postgres-array": ["postgres-array@2.0.0", "", {}, "sha512-VpZrUqU5A69eQyW2c5CA1jtLecCsN2U/bD6VilrFDWq5+5UIEVO7nazS3TEcHf1zuPYO/sqGvUvW62g86RXZuA=="],

    "postgres-bytea": ["postgres-bytea@1.0.0", "", {}, "sha512-xy3pmLuQqRBZBXDULy7KbaitYqLcmxigw14Q5sj8QBVLqEwXfeybIKVWiqAXTlcvdvb0+xkOtDbfQMOf4lST1w=="],

    "postgres-date": ["postgres-date@1.0.7", "", {}, "sha512-suDmjLVQg78nMK2UZ454hAG+OAW+HQPZ6n++TNDUX+L0+uUlLywnoxJKDou51Zm+zTCjrCl0Nq6J9C5hP9vK/Q=="],

    "postgres-interval": ["postgres-interval@1.2.0", "", { "dependencies": { "xtend": "^4.0.0" } }, "sha512-9ZhXKM/rw350N1ovuWHbGxnGh/SNJ4cnxHiM0rxE4VN41wsg8P8zWn9hv/buK00RP4WvlOyr/RBDiptyxVbkZQ=="],

    "proxy-from-env": ["proxy-from-env@1.1.0", "", {}, "sha512-D+zkORCbA9f1tdWRK0RaCR3GPv50cMxcrz4X8k5LTSUD1Dkw47mKJEZQNunItRTkWwgtaUSo1RVFRIG9ZXiFYg=="],

    "readable-stream": ["readable-stream@3.6.2", "", { "dependencies": { "inherits": "^2.0.3", "string_decoder": "^1.1.1", "util-deprecate": "^1.0.1" } }, "sha512-9u/sniCrY3D5WdsERHzHE4G2YCXqoG5FTHUiCC4SIbr6XcLZBY05ya9EKjYek9O5xOAwjGq+1JdGBAS7Q9ScoA=="],

    "require-in-the-middle": ["require-in-the-middle@7.5.2", "", { "dependencies": { "debug": "^4.3.5", "module-details-from-path": "^1.0.3", "resolve": "^1.22.8" } }, "sha512-gAZ+kLqBdHarXB64XpAe2VCjB7rIRv+mU8tfRWziHRJ5umKsIHN2tLLv6EtMw7WCdP19S0ERVMldNvxYCHnhSQ=="],

    "resolve": ["resolve@1.22.10", "", { "dependencies": { "is-core-module": "^2.16.0", "path-parse": "^1.0.7", "supports-preserve-symlinks-flag": "^1.0.0" }, "bin": { "resolve": "bin/resolve" } }, "sha512-NPRy+/ncIMeDlTAsuqwKIiferiawhefFJtkNSW0qZJEqMEb+qBt/77B/jGeeek+F0uOeN05CDa6HXbbIgtVX4w=="],

    "safe-buffer": ["safe-buffer@5.2.1", "", {}, "sha512-rp3So07KcdmmKbGvgaNxQSJr7bGVSVk5S9Eq1F+ppbRo70+YeaDxkw5Dd8NPN+GD6bjnYm2VuPuCXmpuYvmCXQ=="],

    "safe-regex-test": ["safe-regex-test@1.1.0", "", { "dependencies": { "call-bound": "^1.0.2", "es-errors": "^1.3.0", "is-regex": "^1.2.1" } }, "sha512-x/+Cz4YrimQxQccJf5mKEbIa1NzeCRNI5Ecl/ekmlYaampdNLPalVyIcCZNNH3MvmqBugV5TMYZXv0ljslUlaw=="],

    "safe-stable-stringify": ["safe-stable-stringify@2.5.0", "", {}, "sha512-b3rppTKm9T+PsVCBEOUR46GWI7fdOs00VKZ1+9c1EWDaDMvjQc6tUwuFyIprgGgTcWoVHSKrU8H31ZHA2e0RHA=="],

    "semver": ["semver@7.7.2", "", { "bin": { "semver": "bin/semver.js" } }, "sha512-RF0Fw+rO5AMf9MAyaRXI4AV0Ulj5lMHqVxxdSgiVbixSCXoEmmX/jk0CuJw4+3SqroYO9VoUh+HcuJivvtJemA=="],

    "set-function-length": ["set-function-length@1.2.2", "", { "dependencies": { "define-data-property": "^1.1.4", "es-errors": "^1.3.0", "function-bind": "^1.1.2", "get-intrinsic": "^1.2.4", "gopd": "^1.0.1", "has-property-descriptors": "^1.0.2" } }, "sha512-pgRc4hJ4/sNjWCSS9AmnS40x3bNMDTknHgL5UaMBTMyJnU90EgWh1Rz+MC9eFu4BuN/UwZjKQuY/1v3rM7HMfg=="],

    "shimmer": ["shimmer@1.2.1", "", {}, "sha512-sQTKC1Re/rM6XyFM6fIAGHRPVGvyXfgzIDvzoq608vM+jeyVD0Tu1E6Np0Kc2zAIFWIj963V2800iF/9LPieQw=="],

    "simple-swizzle": ["simple-swizzle@0.2.4", "", { "dependencies": { "is-arrayish": "^0.3.1" } }, "sha512-nAu1WFPQSMNr2Zn9PGSZK9AGn4t/y97lEm+MXTtUDwfP0ksAIX4nO+6ruD9Jwut4C49SB1Ws+fbXsm/yScWOHw=="],

    "stack-trace": ["stack-trace@0.0.10", "", {}, "sha512-KGzahc7puUKkzyMt+IqAep+TVNbKP+k2Lmwhub39m1AsTSkaDutx56aDCo+HLDzf/D26BIHTJWNiTG1KAJiQCg=="],

    "string_decoder": ["string_decoder@1.3.0", "", { "dependencies": { "safe-buffer": "~5.2.0" } }, "sha512-hkRX8U1WjJFd8LsDJ2yQ/wWWxaopEsABU1XfkM8A+j0+85JAGppt16cr1Whg6KIbb4okU6Mql6BOj+uup/wKeA=="],

    "supports-preserve-symlinks-flag": ["supports-preserve-symlinks-flag@1.0.0", "", {}, "sha512-ot0WnXS9fgdkgIcePe6RHNk1WA8+muPa6cSjeR3V8K27q9BB1rTE3R1p7Hv0z1ZyAc8s6Vvv8DIyWf681MAt0w=="],

    "text-hex": ["text-hex@1.0.0", "", {}, "sha512-uuVGNWzgJ4yhRaNSiubPY7OjISw4sw4E5Uv0wbjp+OzcbmVU/rsT8ujgcXJhn9ypzsgr5vlzpPqP+MBBKcGvbg=="],

    "triple-beam": ["triple-beam@1.4.1", "", {}, "sha512-aZbgViZrg1QNcG+LULa7nhZpJTZSLm/mXnHXnbAbjmN5aSa0y7V+wvv6+4WaBtpISJzThKy+PIPxc1Nq1EJ9mg=="],

    "tslib": ["tslib@2.7.0", "", {}, "sha512-gLXCKdN1/j47AiHiOkJN69hJmcbGTHI0ImLmbYLHykhgeN0jVGola9yVjFgzCUklsZQMW55o+dW7IXv3RCXDzA=="],

    "typescript": ["typescript@5.9.2", "", { "bin": { "tsc": "bin/tsc", "tsserver": "bin/tsserver" } }, "sha512-CWBzXQrc/qOkhidw1OzBTQuYRbfyxDXJMVJ1XNwUHGROVmuaeiEm3OslpZ1RV96d7SKKjZKrSJu3+t/xlw3R9A=="],

    "ulid": ["ulid@3.0.1", "", { "bin": { "ulid": "dist/cli.js" } }, "sha512-dPJyqPzx8preQhqq24bBG1YNkvigm87K8kVEHCD+ruZg24t6IFEFv00xMWfxcC4djmFtiTLdFuADn4+DOz6R7Q=="],

    "undici-types": ["undici-types@6.19.8", "", {}, "sha512-ve2KP6f/JnbPBFyobGHuerC9g1FYGn/F8n1LWTwNxCEzd6IfqTwUQcNXgEtmmQ6DlRrC1hrSrBnCZPokRrDHjw=="],

    "util": ["util@0.12.5", "", { "dependencies": { "inherits": "^2.0.3", "is-arguments": "^1.0.4", "is-generator-function": "^1.0.7", "is-typed-array": "^1.1.3", "which-typed-array": "^1.1.2" } }, "sha512-kZf/K6hEIrWHI6XqOFUiiMa+79wE/D8Q+NCNAWclkyg3b4d2k7s0QGepNjiABc+aR3N1PAyHL7p6UcLY6LmrnA=="],

    "util-deprecate": ["util-deprecate@1.0.2", "", {}, "sha512-EPD5q1uXyFxJpCrLnCc1nHnq3gOa6DZBocAIiI2TaSCA7VCJ1UJDMagCzIkXNsUYfD1daK//LTEQ8xiIbrHtcw=="],

    "viem": ["viem@2.37.6", "", { "dependencies": { "@noble/curves": "1.9.1", "@noble/hashes": "1.8.0", "@scure/bip32": "1.7.0", "@scure/bip39": "1.6.0", "abitype": "1.1.0", "isows": "1.0.7", "ox": "0.9.3", "ws": "8.18.3" }, "peerDependencies": { "typescript": ">=5.0.4" }, "optionalPeers": ["typescript"] }, "sha512-b+1IozQ8TciVQNdQUkOH5xtFR0z7ZxR8pyloENi/a+RA408lv4LoX12ofwoiT3ip0VRhO5ni1em//X0jn/eW0g=="],

    "web3-errors": ["web3-errors@1.3.1", "", { "dependencies": { "web3-types": "^1.10.0" } }, "sha512-w3NMJujH+ZSW4ltIZZKtdbkbyQEvBzyp3JRn59Ckli0Nz4VMsVq8aF1bLWM7A2kuQ+yVEm3ySeNU+7mSRwx7RQ=="],

    "web3-eth-abi": ["web3-eth-abi@4.4.1", "", { "dependencies": { "abitype": "0.7.1", "web3-errors": "^1.3.1", "web3-types": "^1.10.0", "web3-utils": "^4.3.3", "web3-validator": "^2.0.6" } }, "sha512-60ecEkF6kQ9zAfbTY04Nc9q4eEYM0++BySpGi8wZ2PD1tw/c0SDvsKhV6IKURxLJhsDlb08dATc3iD6IbtWJmg=="],

    "web3-types": ["web3-types@1.10.0", "", {}, "sha512-0IXoaAFtFc8Yin7cCdQfB9ZmjafrbP6BO0f0KT/khMhXKUpoJ6yShrVhiNpyRBo8QQjuOagsWzwSK2H49I7sbw=="],

    "web3-utils": ["web3-utils@4.3.3", "", { "dependencies": { "ethereum-cryptography": "^2.0.0", "eventemitter3": "^5.0.1", "web3-errors": "^1.3.1", "web3-types": "^1.10.0", "web3-validator": "^2.0.6" } }, "sha512-kZUeCwaQm+RNc2Bf1V3BYbF29lQQKz28L0y+FA4G0lS8IxtJVGi5SeDTUkpwqqkdHHC7JcapPDnyyzJ1lfWlOw=="],

    "web3-validator": ["web3-validator@2.0.6", "", { "dependencies": { "ethereum-cryptography": "^2.0.0", "util": "^0.12.5", "web3-errors": "^1.2.0", "web3-types": "^1.6.0", "zod": "^3.21.4" } }, "sha512-qn9id0/l1bWmvH4XfnG/JtGKKwut2Vokl6YXP5Kfg424npysmtRLe9DgiNBM9Op7QL/aSiaA0TVXibuIuWcizg=="],

    "which-typed-array": ["which-typed-array@1.1.19", "", { "dependencies": { "available-typed-arrays": "^1.0.7", "call-bind": "^1.0.8", "call-bound": "^1.0.4", "for-each": "^0.3.5", "get-proto": "^1.0.1", "gopd": "^1.2.0", "has-tostringtag": "^1.0.2" } }, "sha512-rEvr90Bck4WZt9HHFC4DJMsjvu7x+r6bImz0/BrbWb7A2djJ8hnZMrWnHo9F8ssv0OMErasDhftrfROTyqSDrw=="],

    "winston": ["winston@3.17.0", "", { "dependencies": { "@colors/colors": "^1.6.0", "@dabh/diagnostics": "^2.0.2", "async": "^3.2.3", "is-stream": "^2.0.0", "logform": "^2.7.0", "one-time": "^1.0.0", "readable-stream": "^3.4.0", "safe-stable-stringify": "^2.3.1", "stack-trace": "0.0.x", "triple-beam": "^1.3.0", "winston-transport": "^4.9.0" } }, "sha512-DLiFIXYC5fMPxaRg832S6F5mJYvePtmO5G9v9IgUFPhXm9/GkXarH/TUrBAVzhTCzAj9anE/+GjrgXp/54nOgw=="],

    "winston-transport": ["winston-transport@4.9.0", "", { "dependencies": { "logform": "^2.7.0", "readable-stream": "^3.6.2", "triple-beam": "^1.3.0" } }, "sha512-8drMJ4rkgaPo1Me4zD/3WLfI/zPdA9o2IipKODunnGDcuqbHwjsbB79ylv04LCGGzU0xQ6vTznOMpQGaLhhm6A=="],

    "winston-transport-sentry-node": ["winston-transport-sentry-node@3.0.0", "", { "dependencies": { "triple-beam": "^1.3.0", "tslib": "^2.3.1", "winston": "^3.3.3", "winston-transport": "^4.4.0" }, "peerDependencies": { "@sentry/node": "^8.13.0" } }, "sha512-KT3peOJtKytdF/nInt7XWtqMwbc7M/O5nSACTEdCkuVxZL7d30dDQ9GNHq0evcP2p73Ztg3gAPuZnBX8Qns2QA=="],

    "ws": ["ws@8.17.1", "", { "peerDependencies": { "bufferutil": "^4.0.1", "utf-8-validate": ">=5.0.2" }, "optionalPeers": ["bufferutil", "utf-8-validate"] }, "sha512-6XQFvXTkbfUOZOKKILFG1PDK2NDQs4azKQl26T0YS5CxqWLgXajbPZ+h4gZekJyRqFU8pvnbAbbs/3TgRPy+GQ=="],

    "xtend": ["xtend@4.0.2", "", {}, "sha512-LKYU1iAXJXUgAXn9URjiu+MWhyUXHsvfp7mcuYm9dSUKK0/CjtrUwFAxD82/mCWbtLsGjFIad0wIsod4zrTAEQ=="],

    "zod": ["zod@3.25.76", "", {}, "sha512-gzUt/qt81nXsFGKIFcC3YnfEAx5NkunCfnDlvuBSSFS02bcXu4Lmea0AFIUwbLWxWPx3d9p8S5QoaujKcNQxcQ=="],

    "@opentelemetry/core/@opentelemetry/semantic-conventions": ["@opentelemetry/semantic-conventions@1.28.0", "", {}, "sha512-lp4qAiMTD4sNWW4DbKLBkfiMZ4jbAboJIGOQr5DvciMRI494OapieI9qiODpOt0XBr1LjIDy1xAGAnVs5supTA=="],

    "@opentelemetry/instrumentation-http/@opentelemetry/instrumentation": ["@opentelemetry/instrumentation@0.57.1", "", { "dependencies": { "@opentelemetry/api-logs": "0.57.1", "@types/shimmer": "^1.2.0", "import-in-the-middle": "^1.8.1", "require-in-the-middle": "^7.1.1", "semver": "^7.5.2", "shimmer": "^1.2.1" }, "peerDependencies": { "@opentelemetry/api": "^1.3.0" } }, "sha512-SgHEKXoVxOjc20ZYusPG3Fh+RLIZTSa4x8QtD3NfgAUDyqdFFS9W1F2ZVbZkqDCdyMcQG02Ok4duUGLHJXHgbA=="],

    "@opentelemetry/instrumentation-http/@opentelemetry/semantic-conventions": ["@opentelemetry/semantic-conventions@1.28.0", "", {}, "sha512-lp4qAiMTD4sNWW4DbKLBkfiMZ4jbAboJIGOQr5DvciMRI494OapieI9qiODpOt0XBr1LjIDy1xAGAnVs5supTA=="],

    "@opentelemetry/instrumentation-pg/@opentelemetry/semantic-conventions": ["@opentelemetry/semantic-conventions@1.27.0", "", {}, "sha512-sAay1RrB+ONOem0OZanAR1ZI/k7yDpnOQSQmTMuGImUQb2y8EbSaCJ94FQluM74xoU03vlb2d2U90hZluL6nQg=="],

    "@opentelemetry/resources/@opentelemetry/semantic-conventions": ["@opentelemetry/semantic-conventions@1.28.0", "", {}, "sha512-lp4qAiMTD4sNWW4DbKLBkfiMZ4jbAboJIGOQr5DvciMRI494OapieI9qiODpOt0XBr1LjIDy1xAGAnVs5supTA=="],

    "@opentelemetry/sdk-trace-base/@opentelemetry/semantic-conventions": ["@opentelemetry/semantic-conventions@1.28.0", "", {}, "sha512-lp4qAiMTD4sNWW4DbKLBkfiMZ4jbAboJIGOQr5DvciMRI494OapieI9qiODpOt0XBr1LjIDy1xAGAnVs5supTA=="],

    "@prisma/instrumentation/@opentelemetry/instrumentation": ["@opentelemetry/instrumentation@0.53.0", "", { "dependencies": { "@opentelemetry/api-logs": "0.53.0", "@types/shimmer": "^1.2.0", "import-in-the-middle": "^1.8.1", "require-in-the-middle": "^7.1.1", "semver": "^7.5.2", "shimmer": "^1.2.1" }, "peerDependencies": { "@opentelemetry/api": "^1.3.0" } }, "sha512-DMwg0hy4wzf7K73JJtl95m/e0boSoWhH07rfvHvYzQtBD3Bmv0Wc1x733vyZBqmFm8OjJD0/pfiUg1W3JjFX0A=="],

    "@scure/bip32/@noble/curves": ["@noble/curves@1.9.1", "", { "dependencies": { "@noble/hashes": "1.8.0" } }, "sha512-k11yZxZg+t+gWvBbIswW0yoJlu8cHOC7dhunwOzoWH/mXGBiYyR4YY6hAEK/3EUs4UpB8la1RfdRpeGsFHkWsA=="],

    "@scure/bip32/@noble/hashes": ["@noble/hashes@1.8.0", "", {}, "sha512-jCs9ldd7NwzpgXDIf6P3+NrHh9/sD6CQdxHyjQI+h/6rDNo88ypBxxz45UDuZHz9r3tNz7N/VInSVoVdtXEI4A=="],

    "@scure/bip39/@noble/hashes": ["@noble/hashes@1.8.0", "", {}, "sha512-jCs9ldd7NwzpgXDIf6P3+NrHh9/sD6CQdxHyjQI+h/6rDNo88ypBxxz45UDuZHz9r3tNz7N/VInSVoVdtXEI4A=="],

    "color-string/color-name": ["color-name@1.1.4", "", {}, "sha512-dOy+3AuW3a2wNbZHIuMZpTcgjGuLU/uBL/ubcZF9OXbDo8ff4O8yVp5Bf0efS8uEoYo5q4Fx7dY9OgQGXgAsQA=="],

    "ethereum-cryptography/@noble/curves": ["@noble/curves@1.4.2", "", { "dependencies": { "@noble/hashes": "1.4.0" } }, "sha512-TavHr8qycMChk8UwMld0ZDRvatedkzWfH8IiaeGCfymOP5i0hSCozz9vHOL0nkwk7HRMlFnAiKpS2jrUmSybcw=="],

    "ethereum-cryptography/@noble/hashes": ["@noble/hashes@1.4.0", "", {}, "sha512-V1JJ1WTRUqHHrOSh597hURcMqVKVGL/ea3kv0gSnEdsEZ0/+VyPghM1lMNGc00z7CIQorSvbKpuJkxvuHbvdbg=="],

    "ethereum-cryptography/@scure/bip32": ["@scure/bip32@1.4.0", "", { "dependencies": { "@noble/curves": "~1.4.0", "@noble/hashes": "~1.4.0", "@scure/base": "~1.1.6" } }, "sha512-sVUpc0Vq3tXCkDGYVWGIZTRfnvu8LoTDaev7vbwh0omSvVORONr960MQWdKqJDCReIEmTj3PAr73O3aoxz7OPg=="],

    "ethereum-cryptography/@scure/bip39": ["@scure/bip39@1.3.0", "", { "dependencies": { "@noble/hashes": "~1.4.0", "@scure/base": "~1.1.6" } }, "sha512-disdg7gHuTDZtY+ZdkmLpPCk7fxZSu3gBiEGuoC1XYxv9cGx3Z6cpTggCgW6odSOOIXCiDjuGejW+aJKCY/pIQ=="],

    "ox/@adraffy/ens-normalize": ["@adraffy/ens-normalize@1.11.0", "", {}, "sha512-/3DDPKHqqIqxUULp8yP4zODUY1i+2xvVWsv8A79xGWdCAG+8sb0hRh0Rk2QyOJUnnbyPUAZYcpBuRe3nS2OIUg=="],

    "ox/@noble/curves": ["@noble/curves@1.9.1", "", { "dependencies": { "@noble/hashes": "1.8.0" } }, "sha512-k11yZxZg+t+gWvBbIswW0yoJlu8cHOC7dhunwOzoWH/mXGBiYyR4YY6hAEK/3EUs4UpB8la1RfdRpeGsFHkWsA=="],

    "ox/@noble/hashes": ["@noble/hashes@1.8.0", "", {}, "sha512-jCs9ldd7NwzpgXDIf6P3+NrHh9/sD6CQdxHyjQI+h/6rDNo88ypBxxz45UDuZHz9r3tNz7N/VInSVoVdtXEI4A=="],

    "ox/abitype": ["abitype@1.1.0", "", { "peerDependencies": { "typescript": ">=5.0.4", "zod": "^3.22.0 || ^4.0.0" }, "optionalPeers": ["typescript", "zod"] }, "sha512-6Vh4HcRxNMLA0puzPjM5GBgT4aAcFGKZzSgAXvuZ27shJP6NEpielTuqbBmZILR5/xd0PizkBGy5hReKz9jl5A=="],

    "viem/@noble/curves": ["@noble/curves@1.9.1", "", { "dependencies": { "@noble/hashes": "1.8.0" } }, "sha512-k11yZxZg+t+gWvBbIswW0yoJlu8cHOC7dhunwOzoWH/mXGBiYyR4YY6hAEK/3EUs4UpB8la1RfdRpeGsFHkWsA=="],

    "viem/@noble/hashes": ["@noble/hashes@1.8.0", "", {}, "sha512-jCs9ldd7NwzpgXDIf6P3+NrHh9/sD6CQdxHyjQI+h/6rDNo88ypBxxz45UDuZHz9r3tNz7N/VInSVoVdtXEI4A=="],

    "viem/abitype": ["abitype@1.1.0", "", { "peerDependencies": { "typescript": ">=5.0.4", "zod": "^3.22.0 || ^4.0.0" }, "optionalPeers": ["typescript", "zod"] }, "sha512-6Vh4HcRxNMLA0puzPjM5GBgT4aAcFGKZzSgAXvuZ27shJP6NEpielTuqbBmZILR5/xd0PizkBGy5hReKz9jl5A=="],

    "viem/ws": ["ws@8.18.3", "", { "peerDependencies": { "bufferutil": "^4.0.1", "utf-8-validate": ">=5.0.2" }, "optionalPeers": ["bufferutil", "utf-8-validate"] }, "sha512-PEIGCY5tSlUt50cqyMXfCzX+oOPqN0vuGqWzbcJ2xvnkzkq46oOpz7dQaTDBdfICb4N14+GARUDw2XV2N4tvzg=="],

    "@opentelemetry/instrumentation-http/@opentelemetry/instrumentation/@opentelemetry/api-logs": ["@opentelemetry/api-logs@0.57.1", "", { "dependencies": { "@opentelemetry/api": "^1.3.0" } }, "sha512-I4PHczeujhQAQv6ZBzqHYEUiggZL4IdSMixtVD3EYqbdrjujE7kRfI5QohjlPoJm8BvenoW5YaTMWRrbpot6tg=="],

    "@prisma/instrumentation/@opentelemetry/instrumentation/@opentelemetry/api-logs": ["@opentelemetry/api-logs@0.53.0", "", { "dependencies": { "@opentelemetry/api": "^1.0.0" } }, "sha512-8HArjKx+RaAI8uEIgcORbZIPklyh1YLjPSBus8hjRmvLi6DeFzgOcdZ7KwPabKj8mXF8dX0hyfAyGfycz0DbFw=="],

    "ethereum-cryptography/@scure/bip32/@scure/base": ["@scure/base@1.1.9", "", {}, "sha512-8YKhl8GHiNI/pU2VMaofa2Tor7PJRAjwQLBBuilkJ9L5+13yVbC7JO/wS7piioAvPSwR3JKM1IJ/u4xQzbcXKg=="],

    "ethereum-cryptography/@scure/bip39/@scure/base": ["@scure/base@1.1.9", "", {}, "sha512-8YKhl8GHiNI/pU2VMaofa2Tor7PJRAjwQLBBuilkJ9L5+13yVbC7JO/wS7piioAvPSwR3JKM1IJ/u4xQzbcXKg=="],
  }
}
